
Microsoft Visual Studio Solution File, Format Version 12.00
# Visual Studio Version 17
VisualStudioVersion = 17.9.34728.123
MinimumVisualStudioVersion = 10.0.40219.1
Project("{FAE04EC0-301F-11D3-BF4B-00C04F79EFBC}") = "CashProgram", "CashProgram\CashProgram.csproj", "{B21FD7D2-16ED-4F6B-92C8-AE566D8AB439}"
EndProject
Global
	GlobalSection(SolutionConfigurationPlatforms) = preSolution
		Debug|Any CPU = Debug|Any CPU
		Release|Any CPU = Release|Any CPU
	EndGlobalSection
	GlobalSection(ProjectConfigurationPlatforms) = postSolution
		{B21FD7D2-16ED-4F6B-92C8-AE566D8AB439}.Debug|Any CPU.ActiveCfg = Debug|Any CPU
		{B21FD7D2-16ED-4F6B-92C8-AE566D8AB439}.Debug|Any CPU.Build.0 = Debug|Any CPU
		{B21FD7D2-16ED-4F6B-92C8-AE566D8AB439}.Release|Any CPU.ActiveCfg = Release|Any CPU
		{B21FD7D2-16ED-4F6B-92C8-AE566D8AB439}.Release|Any CPU.Build.0 = Release|Any CPU
	EndGlobalSection
	GlobalSection(SolutionProperties) = preSolution
		HideSolutionNode = FALSE
	EndGlobalSection
	GlobalSection(ExtensibilityGlobals) = postSolution
		SolutionGuid = {F961DFB1-F1E8-40DA-A75E-28A03755EFB0}
	EndGlobalSection
EndGlobal
